
Microsoft Visual Studio Solution File, Format Version 12.00
# Visual Studio Version 17
VisualStudioVersion = 17.9.34701.34
MinimumVisualStudioVersion = 10.0.40219.1
Project("{FAE04EC0-301F-11D3-BF4B-00C04F79EFBC}") = "ScrumProject", "ScrumProject\ScrumProject.csproj", "{926F6BFB-132A-46E5-AF29-C68C7B9FA44A}"
EndProject
Global
	GlobalSection(SolutionConfigurationPlatforms) = preSolution
		Debug|Any CPU = Debug|Any CPU
		Release|Any CPU = Release|Any CPU
	EndGlobalSection
	GlobalSection(ProjectConfigurationPlatforms) = postSolution
		{926F6BFB-132A-46E5-AF29-C68C7B9FA44A}.Debug|Any CPU.ActiveCfg = Debug|Any CPU
		{926F6BFB-132A-46E5-AF29-C68C7B9FA44A}.Debug|Any CPU.Build.0 = Debug|Any CPU
		{926F6BFB-132A-46E5-AF29-C68C7B9FA44A}.Release|Any CPU.ActiveCfg = Release|Any CPU
		{926F6BFB-132A-46E5-AF29-C68C7B9FA44A}.Release|Any CPU.Build.0 = Release|Any CPU
	EndGlobalSection
	GlobalSection(SolutionProperties) = preSolution
		HideSolutionNode = FALSE
	EndGlobalSection
	GlobalSection(ExtensibilityGlobals) = postSolution
		SolutionGuid = {D89B4BA2-329C-4626-9F88-D202B1D23131}
	EndGlobalSection
EndGlobal
